// !$*UTF8*$!
{
	archiveVersion = 1;
	classes = {
	};
	objectVersion = 46;
	objects = {

/* Begin PBXBuildFile section */
		599571EA1EAABC850016431D /* MapKit.framework in Frameworks */ = {isa = PBXBuildFile; fileRef = 599571E91EAABC850016431D /* MapKit.framework */; };
		599571EF1EAABFA90016431D /* AddReportViewController.swift in Sources */ = {isa = PBXBuildFile; fileRef = 599571EB1EAABFA90016431D /* AddReportViewController.swift */; };
		599571F01EAABFA90016431D /* GraphViewController.swift in Sources */ = {isa = PBXBuildFile; fileRef = 599571EC1EAABFA90016431D /* GraphViewController.swift */; };
		599571F11EAABFA90016431D /* MapViewController.swift in Sources */ = {isa = PBXBuildFile; fileRef = 599571ED1EAABFA90016431D /* MapViewController.swift */; };
		599571F41EAAC36F0016431D /* WaterPin.swift in Sources */ = {isa = PBXBuildFile; fileRef = 599571F31EAAC36F0016431D /* WaterPin.swift */; };
		599571FA1EAACC4D0016431D /* ViewReportsViewController.swift in Sources */ = {isa = PBXBuildFile; fileRef = 599571F91EAACC4D0016431D /* ViewReportsViewController.swift */; };
		599572001EAADC770016431D /* LoginViewController.swift in Sources */ = {isa = PBXBuildFile; fileRef = 599571FD1EAADC770016431D /* LoginViewController.swift */; };
		599572011EAADC770016431D /* ResetPasswordViewController.swift in Sources */ = {isa = PBXBuildFile; fileRef = 599571FE1EAADC770016431D /* ResetPasswordViewController.swift */; };
		599572021EAADC770016431D /* SignUpViewController.swift in Sources */ = {isa = PBXBuildFile; fileRef = 599571FF1EAADC770016431D /* SignUpViewController.swift */; };
		59E597D11E90260F005174E2 /* ViewController.swift in Sources */ = {isa = PBXBuildFile; fileRef = 59E597D01E90260F005174E2 /* ViewController.swift */; };
		59E597D61E90260F005174E2 /* Assets.xcassets in Resources */ = {isa = PBXBuildFile; fileRef = 59E597D51E90260F005174E2 /* Assets.xcassets */; };
		59E597D91E90260F005174E2 /* LaunchScreen.storyboard in Resources */ = {isa = PBXBuildFile; fileRef = 59E597D71E90260F005174E2 /* LaunchScreen.storyboard */; };
		59E597E11E90265B005174E2 /* AppDelegate.swift in Sources */ = {isa = PBXBuildFile; fileRef = 59E597E01E90265B005174E2 /* AppDelegate.swift */; };
		59E597ED1E9027D4005174E2 /* GoogleService-Info.plist in Resources */ = {isa = PBXBuildFile; fileRef = 59E597EC1E9027D4005174E2 /* GoogleService-Info.plist */; };
		59E597EF1E902B21005174E2 /* Main.storyboard in Resources */ = {isa = PBXBuildFile; fileRef = 59E597EE1E902B21005174E2 /* Main.storyboard */; };
		59E597F41E902B36005174E2 /* HomeViewController.swift in Sources */ = {isa = PBXBuildFile; fileRef = 59E597F01E902B36005174E2 /* HomeViewController.swift */; };
		ABFDB6655C054BB49426E9E9 /* Pods_WaterApp.framework in Frameworks */ = {isa = PBXBuildFile; fileRef = 71BF65EB2DF649245D066948 /* Pods_WaterApp.framework */; };
/* End PBXBuildFile section */

/* Begin PBXFileReference section */
		17CB1AF5BAAC9354B12129F1 /* Pods-WaterApp.release.xcconfig */ = {isa = PBXFileReference; includeInIndex = 1; lastKnownFileType = text.xcconfig; name = "Pods-WaterApp.release.xcconfig"; path = "Pods/Target Support Files/Pods-WaterApp/Pods-WaterApp.release.xcconfig"; sourceTree = "<group>"; };
		3176458305A7932F0D0A6873 /* Pods-WaterApp.debug.xcconfig */ = {isa = PBXFileReference; includeInIndex = 1; lastKnownFileType = text.xcconfig; name = "Pods-WaterApp.debug.xcconfig"; path = "Pods/Target Support Files/Pods-WaterApp/Pods-WaterApp.debug.xcconfig"; sourceTree = "<group>"; };
		599571E91EAABC850016431D /* MapKit.framework */ = {isa = PBXFileReference; lastKnownFileType = wrapper.framework; name = MapKit.framework; path = System/Library/Frameworks/MapKit.framework; sourceTree = SDKROOT; };
		599571EB1EAABFA90016431D /* AddReportViewController.swift */ = {isa = PBXFileReference; fileEncoding = 4; lastKnownFileType = sourcecode.swift; path = AddReportViewController.swift; sourceTree = "<group>"; };
		599571EC1EAABFA90016431D /* GraphViewController.swift */ = {isa = PBXFileReference; fileEncoding = 4; lastKnownFileType = sourcecode.swift; path = GraphViewController.swift; sourceTree = "<group>"; };
		599571ED1EAABFA90016431D /* MapViewController.swift */ = {isa = PBXFileReference; fileEncoding = 4; lastKnownFileType = sourcecode.swift; path = MapViewController.swift; sourceTree = "<group>"; };
		599571F31EAAC36F0016431D /* WaterPin.swift */ = {isa = PBXFileReference; fileEncoding = 4; lastKnownFileType = sourcecode.swift; path = WaterPin.swift; sourceTree = "<group>"; };
		599571F91EAACC4D0016431D /* ViewReportsViewController.swift */ = {isa = PBXFileReference; fileEncoding = 4; lastKnownFileType = sourcecode.swift; path = ViewReportsViewController.swift; sourceTree = "<group>"; };
		599571FD1EAADC770016431D /* LoginViewController.swift */ = {isa = PBXFileReference; fileEncoding = 4; lastKnownFileType = sourcecode.swift; path = LoginViewController.swift; sourceTree = "<group>"; };
		599571FE1EAADC770016431D /* ResetPasswordViewController.swift */ = {isa = PBXFileReference; fileEncoding = 4; lastKnownFileType = sourcecode.swift; path = ResetPasswordViewController.swift; sourceTree = "<group>"; };
		599571FF1EAADC770016431D /* SignUpViewController.swift */ = {isa = PBXFileReference; fileEncoding = 4; lastKnownFileType = sourcecode.swift; path = SignUpViewController.swift; sourceTree = "<group>"; };
		59E597CB1E90260F005174E2 /* WaterApp.app */ = {isa = PBXFileReference; explicitFileType = wrapper.application; includeInIndex = 0; path = WaterApp.app; sourceTree = BUILT_PRODUCTS_DIR; };
		59E597D01E90260F005174E2 /* ViewController.swift */ = {isa = PBXFileReference; lastKnownFileType = sourcecode.swift; path = ViewController.swift; sourceTree = "<group>"; };
		59E597D51E90260F005174E2 /* Assets.xcassets */ = {isa = PBXFileReference; lastKnownFileType = folder.assetcatalog; path = Assets.xcassets; sourceTree = "<group>"; };
		59E597D81E90260F005174E2 /* Base */ = {isa = PBXFileReference; lastKnownFileType = file.storyboard; name = Base; path = Base.lproj/LaunchScreen.storyboard; sourceTree = "<group>"; };
		59E597DA1E90260F005174E2 /* Info.plist */ = {isa = PBXFileReference; lastKnownFileType = text.plist.xml; path = Info.plist; sourceTree = "<group>"; };
		59E597E01E90265B005174E2 /* AppDelegate.swift */ = {isa = PBXFileReference; fileEncoding = 4; lastKnownFileType = sourcecode.swift; path = AppDelegate.swift; sourceTree = "<group>"; };
		59E597EC1E9027D4005174E2 /* GoogleService-Info.plist */ = {isa = PBXFileReference; fileEncoding = 4; lastKnownFileType = text.plist.xml; path = "GoogleService-Info.plist"; sourceTree = "<group>"; };
		59E597EE1E902B21005174E2 /* Main.storyboard */ = {isa = PBXFileReference; fileEncoding = 4; lastKnownFileType = file.storyboard; path = Main.storyboard; sourceTree = "<group>"; };
		59E597F01E902B36005174E2 /* HomeViewController.swift */ = {isa = PBXFileReference; fileEncoding = 4; lastKnownFileType = sourcecode.swift; path = HomeViewController.swift; sourceTree = "<group>"; };
		71BF65EB2DF649245D066948 /* Pods_WaterApp.framework */ = {isa = PBXFileReference; explicitFileType = wrapper.framework; includeInIndex = 0; path = Pods_WaterApp.framework; sourceTree = BUILT_PRODUCTS_DIR; };
/* End PBXFileReference section */

/* Begin PBXFrameworksBuildPhase section */
		59E597C81E90260F005174E2 /* Frameworks */ = {
			isa = PBXFrameworksBuildPhase;
			buildActionMask = 2147483647;
			files = (
				599571EA1EAABC850016431D /* MapKit.framework in Frameworks */,
				ABFDB6655C054BB49426E9E9 /* Pods_WaterApp.framework in Frameworks */,
			);
			runOnlyForDeploymentPostprocessing = 0;
		};
/* End PBXFrameworksBuildPhase section */

/* Begin PBXGroup section */
		599572041EAADCE30016431D /* Login/Registration */ = {
			isa = PBXGroup;
			children = (
				599571FD1EAADC770016431D /* LoginViewController.swift */,
				599571FE1EAADC770016431D /* ResetPasswordViewController.swift */,
				599571FF1EAADC770016431D /* SignUpViewController.swift */,
			);
			name = Login/Registration;
			sourceTree = "<group>";
		};
		599572051EAADD1E0016431D /* Map */ = {
			isa = PBXGroup;
			children = (
				599571ED1EAABFA90016431D /* MapViewController.swift */,
				599571F31EAAC36F0016431D /* WaterPin.swift */,
			);
			name = Map;
			sourceTree = "<group>";
		};
		59E597C21E90260F005174E2 = {
			isa = PBXGroup;
			children = (
				59E597CD1E90260F005174E2 /* WaterApp */,
				59E597CC1E90260F005174E2 /* Products */,
				7DDDB539789097564EC9A5AB /* Pods */,
				EFFF5523C56D120E07B5CEC8 /* Frameworks */,
			);
			sourceTree = "<group>";
		};
		59E597CC1E90260F005174E2 /* Products */ = {
			isa = PBXGroup;
			children = (
				59E597CB1E90260F005174E2 /* WaterApp.app */,
			);
			name = Products;
			sourceTree = "<group>";
		};
		59E597CD1E90260F005174E2 /* WaterApp */ = {
			isa = PBXGroup;
			children = (
				59E597E01E90265B005174E2 /* AppDelegate.swift */,
				59E597D01E90260F005174E2 /* ViewController.swift */,
				59E597EE1E902B21005174E2 /* Main.storyboard */,
				59E597D51E90260F005174E2 /* Assets.xcassets */,
				59E597D71E90260F005174E2 /* LaunchScreen.storyboard */,
				59E597DA1E90260F005174E2 /* Info.plist */,
				59E597F01E902B36005174E2 /* HomeViewController.swift */,
				599572041EAADCE30016431D /* Login/Registration */,
				599571EB1EAABFA90016431D /* AddReportViewController.swift */,
				599571EC1EAABFA90016431D /* GraphViewController.swift */,
				599572051EAADD1E0016431D /* Map */,
				59E597EC1E9027D4005174E2 /* GoogleService-Info.plist */,
				599571F91EAACC4D0016431D /* ViewReportsViewController.swift */,
			);
			path = WaterApp;
			sourceTree = "<group>";
		};
		7DDDB539789097564EC9A5AB /* Pods */ = {
			isa = PBXGroup;
			children = (
				3176458305A7932F0D0A6873 /* Pods-WaterApp.debug.xcconfig */,
				17CB1AF5BAAC9354B12129F1 /* Pods-WaterApp.release.xcconfig */,
			);
			name = Pods;
			sourceTree = "<group>";
		};
		EFFF5523C56D120E07B5CEC8 /* Frameworks */ = {
			isa = PBXGroup;
			children = (
				599571E91EAABC850016431D /* MapKit.framework */,
				71BF65EB2DF649245D066948 /* Pods_WaterApp.framework */,
			);
			name = Frameworks;
			sourceTree = "<group>";
		};
/* End PBXGroup section */

/* Begin PBXNativeTarget section */
		59E597CA1E90260F005174E2 /* WaterApp */ = {
			isa = PBXNativeTarget;
			buildConfigurationList = 59E597DD1E90260F005174E2 /* Build configuration list for PBXNativeTarget "WaterApp" */;
			buildPhases = (
				A42F09769941416252C11534 /* [CP] Check Pods Manifest.lock */,
				59E597C71E90260F005174E2 /* Sources */,
				59E597C81E90260F005174E2 /* Frameworks */,
				59E597C91E90260F005174E2 /* Resources */,
				FBF9338A4E5342A0CD1A30A3 /* [CP] Embed Pods Frameworks */,
				4B7CDAA9ABD22803CBB23C72 /* [CP] Copy Pods Resources */,
			);
			buildRules = (
			);
			dependencies = (
			);
			name = WaterApp;
			productName = WaterApp;
			productReference = 59E597CB1E90260F005174E2 /* WaterApp.app */;
			productType = "com.apple.product-type.application";
		};
/* End PBXNativeTarget section */

/* Begin PBXProject section */
		59E597C31E90260F005174E2 /* Project object */ = {
			isa = PBXProject;
			attributes = {
				LastSwiftUpdateCheck = 0820;
				LastUpgradeCheck = 0820;
				ORGANIZATIONNAME = "Leonie Reif";
				TargetAttributes = {
					59E597CA1E90260F005174E2 = {
						CreatedOnToolsVersion = 8.2.1;
						ProvisioningStyle = Automatic;
					};
				};
			};
			buildConfigurationList = 59E597C61E90260F005174E2 /* Build configuration list for PBXProject "WaterApp" */;
			compatibilityVersion = "Xcode 3.2";
			developmentRegion = English;
			hasScannedForEncodings = 0;
			knownRegions = (
				en,
				Base,
			);
			mainGroup = 59E597C21E90260F005174E2;
			productRefGroup = 59E597CC1E90260F005174E2 /* Products */;
			projectDirPath = "";
			projectRoot = "";
			targets = (
				59E597CA1E90260F005174E2 /* WaterApp */,
			);
		};
/* End PBXProject section */

/* Begin PBXResourcesBuildPhase section */
		59E597C91E90260F005174E2 /* Resources */ = {
			isa = PBXResourcesBuildPhase;
			buildActionMask = 2147483647;
			files = (
				59E597EF1E902B21005174E2 /* Main.storyboard in Resources */,
				59E597ED1E9027D4005174E2 /* GoogleService-Info.plist in Resources */,
				59E597D91E90260F005174E2 /* LaunchScreen.storyboard in Resources */,
				59E597D61E90260F005174E2 /* Assets.xcassets in Resources */,
			);
			runOnlyForDeploymentPostprocessing = 0;
		};
/* End PBXResourcesBuildPhase section */

/* Begin PBXShellScriptBuildPhase section */
		4B7CDAA9ABD22803CBB23C72 /* [CP] Copy Pods Resources */ = {
			isa = PBXShellScriptBuildPhase;
			buildActionMask = 2147483647;
			files = (
			);
			inputPaths = (
			);
			name = "[CP] Copy Pods Resources";
			outputPaths = (
			);
			runOnlyForDeploymentPostprocessing = 0;
			shellPath = /bin/sh;
			shellScript = "\"${SRCROOT}/Pods/Target Support Files/Pods-WaterApp/Pods-WaterApp-resources.sh\"\n";
			showEnvVarsInLog = 0;
		};
		A42F09769941416252C11534 /* [CP] Check Pods Manifest.lock */ = {
			isa = PBXShellScriptBuildPhase;
			buildActionMask = 2147483647;
			files = (
			);
			inputPaths = (
			);
			name = "[CP] Check Pods Manifest.lock";
			outputPaths = (
			);
			runOnlyForDeploymentPostprocessing = 0;
			shellPath = /bin/sh;
			shellScript = "diff \"${PODS_ROOT}/../Podfile.lock\" \"${PODS_ROOT}/Manifest.lock\" > /dev/null\nif [ $? != 0 ] ; then\n    # print error to STDERR\n    echo \"error: The sandbox is not in sync with the Podfile.lock. Run 'pod install' or update your CocoaPods installation.\" >&2\n    exit 1\nfi\n";
			showEnvVarsInLog = 0;
		};
		FBF9338A4E5342A0CD1A30A3 /* [CP] Embed Pods Frameworks */ = {
			isa = PBXShellScriptBuildPhase;
			buildActionMask = 2147483647;
			files = (
			);
			inputPaths = (
			);
			name = "[CP] Embed Pods Frameworks";
			outputPaths = (
			);
			runOnlyForDeploymentPostprocessing = 0;
			shellPath = /bin/sh;
			shellScript = "\"${SRCROOT}/Pods/Target Support Files/Pods-WaterApp/Pods-WaterApp-frameworks.sh\"\n";
			showEnvVarsInLog = 0;
		};
/* End PBXShellScriptBuildPhase section */

/* Begin PBXSourcesBuildPhase section */
		59E597C71E90260F005174E2 /* Sources */ = {
			isa = PBXSourcesBuildPhase;
			buildActionMask = 2147483647;
			files = (
				599572021EAADC770016431D /* SignUpViewController.swift in Sources */,
				599572001EAADC770016431D /* LoginViewController.swift in Sources */,
				59E597E11E90265B005174E2 /* AppDelegate.swift in Sources */,
				599571FA1EAACC4D0016431D /* ViewReportsViewController.swift in Sources */,
				599571F11EAABFA90016431D /* MapViewController.swift in Sources */,
				59E597D11E90260F005174E2 /* ViewController.swift in Sources */,
				599571F01EAABFA90016431D /* GraphViewController.swift in Sources */,
				59E597F41E902B36005174E2 /* HomeViewController.swift in Sources */,
				599572011EAADC770016431D /* ResetPasswordViewController.swift in Sources */,
				599571EF1EAABFA90016431D /* AddReportViewController.swift in Sources */,
				599571F41EAAC36F0016431D /* WaterPin.swift in Sources */,
			);
			runOnlyForDeploymentPostprocessing = 0;
		};
/* End PBXSourcesBuildPhase section */

/* Begin PBXVariantGroup section */
		59E597D71E90260F005174E2 /* LaunchScreen.storyboard */ = {
			isa = PBXVariantGroup;
			children = (
				59E597D81E90260F005174E2 /* Base */,
			);
			name = LaunchScreen.storyboard;
			sourceTree = "<group>";
		};
/* End PBXVariantGroup section */

/* Begin XCBuildConfiguration section */
		59E597DB1E90260F005174E2 /* Debug */ = {
			isa = XCBuildConfiguration;
			buildSettings = {
				ALWAYS_SEARCH_USER_PATHS = NO;
				CLANG_ANALYZER_NONNULL = YES;
				CLANG_CXX_LANGUAGE_STANDARD = "gnu++0x";
				CLANG_CXX_LIBRARY = "libc++";
				CLANG_ENABLE_MODULES = YES;
				CLANG_ENABLE_OBJC_ARC = YES;
				CLANG_WARN_BOOL_CONVERSION = YES;
				CLANG_WARN_CONSTANT_CONVERSION = YES;
				CLANG_WARN_DIRECT_OBJC_ISA_USAGE = YES_ERROR;
				CLANG_WARN_DOCUMENTATION_COMMENTS = YES;
				CLANG_WARN_EMPTY_BODY = YES;
				CLANG_WARN_ENUM_CONVERSION = YES;
				CLANG_WARN_INFINITE_RECURSION = YES;
				CLANG_WARN_INT_CONVERSION = YES;
				CLANG_WARN_OBJC_ROOT_CLASS = YES_ERROR;
				CLANG_WARN_SUSPICIOUS_MOVE = YES;
				CLANG_WARN_UNREACHABLE_CODE = YES;
				CLANG_WARN__DUPLICATE_METHOD_MATCH = YES;
				"CODE_SIGN_IDENTITY[sdk=iphoneos*]" = "iPhone Developer";
				COPY_PHASE_STRIP = NO;
				DEBUG_INFORMATION_FORMAT = dwarf;
				ENABLE_STRICT_OBJC_MSGSEND = YES;
				ENABLE_TESTABILITY = YES;
				GCC_C_LANGUAGE_STANDARD = gnu99;
				GCC_DYNAMIC_NO_PIC = NO;
				GCC_NO_COMMON_BLOCKS = YES;
				GCC_OPTIMIZATION_LEVEL = 0;
				GCC_PREPROCESSOR_DEFINITIONS = (
					"DEBUG=1",
					"$(inherited)",
				);
				GCC_WARN_64_TO_32_BIT_CONVERSION = YES;
				GCC_WARN_ABOUT_RETURN_TYPE = YES_ERROR;
				GCC_WARN_UNDECLARED_SELECTOR = YES;
				GCC_WARN_UNINITIALIZED_AUTOS = YES_AGGRESSIVE;
				GCC_WARN_UNUSED_FUNCTION = YES;
				GCC_WARN_UNUSED_VARIABLE = YES;
				IPHONEOS_DEPLOYMENT_TARGET = 10.2;
				MTL_ENABLE_DEBUG_INFO = YES;
				ONLY_ACTIVE_ARCH = YES;
				SDKROOT = iphoneos;
				SWIFT_ACTIVE_COMPILATION_CONDITIONS = DEBUG;
				SWIFT_OPTIMIZATION_LEVEL = "-Onone";
			};
			name = Debug;
		};
		59E597DC1E90260F005174E2 /* Release */ = {
			isa = XCBuildConfiguration;
			buildSettings = {
				ALWAYS_SEARCH_USER_PATHS = NO;
				CLANG_ANALYZER_NONNULL = YES;
				CLANG_CXX_LANGUAGE_STANDARD = "gnu++0x";
				CLANG_CXX_LIBRARY = "libc++";
				CLANG_ENABLE_MODULES = YES;
				CLANG_ENABLE_OBJC_ARC = YES;
				CLANG_WARN_BOOL_CONVERSION = YES;
				CLANG_WARN_CONSTANT_CONVERSION = YES;
				CLANG_WARN_DIRECT_OBJC_ISA_USAGE = YES_ERROR;
				CLANG_WARN_DOCUMENTATION_COMMENTS = YES;
				CLANG_WARN_EMPTY_BODY = YES;
				CLANG_WARN_ENUM_CONVERSION = YES;
				CLANG_WARN_INFINITE_RECURSION = YES;
				CLANG_WARN_INT_CONVERSION = YES;
				CLANG_WARN_OBJC_ROOT_CLASS = YES_ERROR;
				CLANG_WARN_SUSPICIOUS_MOVE = YES;
				CLANG_WARN_UNREACHABLE_CODE = YES;
				CLANG_WARN__DUPLICATE_METHOD_MATCH = YES;
				"CODE_SIGN_IDENTITY[sdk=iphoneos*]" = "iPhone Developer";
				COPY_PHASE_STRIP = NO;
				DEBUG_INFORMATION_FORMAT = "dwarf-with-dsym";
				ENABLE_NS_ASSERTIONS = NO;
				ENABLE_STRICT_OBJC_MSGSEND = YES;
				GCC_C_LANGUAGE_STANDARD = gnu99;
				GCC_NO_COMMON_BLOCKS = YES;
				GCC_WARN_64_TO_32_BIT_CONVERSION = YES;
				GCC_WARN_ABOUT_RETURN_TYPE = YES_ERROR;
				GCC_WARN_UNDECLARED_SELECTOR = YES;
				GCC_WARN_UNINITIALIZED_AUTOS = YES_AGGRESSIVE;
				GCC_WARN_UNUSED_FUNCTION = YES;
				GCC_WARN_UNUSED_VARIABLE = YES;
				IPHONEOS_DEPLOYMENT_TARGET = 10.2;
				MTL_ENABLE_DEBUG_INFO = NO;
				SDKROOT = iphoneos;
				SWIFT_OPTIMIZATION_LEVEL = "-Owholemodule";
				VALIDATE_PRODUCT = YES;
			};
			name = Release;
		};
		59E597DE1E90260F005174E2 /* Debug */ = {
			isa = XCBuildConfiguration;
			baseConfigurationReference = 3176458305A7932F0D0A6873 /* Pods-WaterApp.debug.xcconfig */;
			buildSettings = {
				ASSETCATALOG_COMPILER_APPICON_NAME = AppIcon;
				INFOPLIST_FILE = WaterApp/Info.plist;
				LD_RUNPATH_SEARCH_PATHS = "$(inherited) @executable_path/Frameworks";
				PRODUCT_BUNDLE_IDENTIFIER = com.leoniereif.WaterApp;
				PRODUCT_NAME = "$(TARGET_NAME)";
				SWIFT_VERSION = 3.0;
			};
			name = Debug;
		};
		59E597DF1E90260F005174E2 /* Release */ = {
			isa = XCBuildConfiguration;
			baseConfigurationReference = 17CB1AF5BAAC9354B12129F1 /* Pods-WaterApp.release.xcconfig */;
			buildSettings = {
				ASSETCATALOG_COMPILER_APPICON_NAME = AppIcon;
				INFOPLIST_FILE = WaterApp/Info.plist;
				LD_RUNPATH_SEARCH_PATHS = "$(inherited) @executable_path/Frameworks";
				PRODUCT_BUNDLE_IDENTIFIER = com.leoniereif.WaterApp;
				PRODUCT_NAME = "$(TARGET_NAME)";
				SWIFT_VERSION = 3.0;
			};
			name = Release;
		};
/* End XCBuildConfiguration section */

/* Begin XCConfigurationList section */
		59E597C61E90260F005174E2 /* Build configuration list for PBXProject "WaterApp" */ = {
			isa = XCConfigurationList;
			buildConfigurations = (
				59E597DB1E90260F005174E2 /* Debug */,
				59E597DC1E90260F005174E2 /* Release */,
			);
			defaultConfigurationIsVisible = 0;
			defaultConfigurationName = Release;
		};
		59E597DD1E90260F005174E2 /* Build configuration list for PBXNativeTarget "WaterApp" */ = {
			isa = XCConfigurationList;
			buildConfigurations = (
				59E597DE1E90260F005174E2 /* Debug */,
				59E597DF1E90260F005174E2 /* Release */,
			);
			defaultConfigurationIsVisible = 0;
			defaultConfigurationName = Release;
		};
/* End XCConfigurationList section */
	};
	rootObject = 59E597C31E90260F005174E2 /* Project object */;
}
